// !$*UTF8*$!
{
	archiveVersion = 1;
	classes = {
	};
	objectVersion = 56;
	objects = {

/* Begin PBXBuildFile section */
		7B5F8CD72A995A8800D004D3 /* Musicianship_ExamGeneratorApp.swift in Sources */ = {isa = PBXBuildFile; fileRef = 7B5F8CD62A995A8800D004D3 /* Musicianship_ExamGeneratorApp.swift */; };
		7B5F8CD92A995A8800D004D3 /* ContentView.swift in Sources */ = {isa = PBXBuildFile; fileRef = 7B5F8CD82A995A8800D004D3 /* ContentView.swift */; };
		7B5F8CDB2A995A8A00D004D3 /* Assets.xcassets in Resources */ = {isa = PBXBuildFile; fileRef = 7B5F8CDA2A995A8A00D004D3 /* Assets.xcassets */; };
		7B5F8CDE2A995A8A00D004D3 /* Preview Assets.xcassets in Resources */ = {isa = PBXBuildFile; fileRef = 7B5F8CDD2A995A8A00D004D3 /* Preview Assets.xcassets */; };
		7B5F8CE02A995A8A00D004D3 /* Persistence.swift in Sources */ = {isa = PBXBuildFile; fileRef = 7B5F8CDF2A995A8A00D004D3 /* Persistence.swift */; };
		7B5F8CE32A995A8A00D004D3 /* Musicianship_ExamGenerator.xcdatamodeld in Sources */ = {isa = PBXBuildFile; fileRef = 7B5F8CE12A995A8A00D004D3 /* Musicianship_ExamGenerator.xcdatamodeld */; };
		7B5F8CEE2A995A8A00D004D3 /* Musicianship_ExamGeneratorTests.swift in Sources */ = {isa = PBXBuildFile; fileRef = 7B5F8CED2A995A8A00D004D3 /* Musicianship_ExamGeneratorTests.swift */; };
		7B5F8CF82A995A8A00D004D3 /* Musicianship_ExamGeneratorUITests.swift in Sources */ = {isa = PBXBuildFile; fileRef = 7B5F8CF72A995A8A00D004D3 /* Musicianship_ExamGeneratorUITests.swift */; };
		7B5F8CFA2A995A8B00D004D3 /* Musicianship_ExamGeneratorUITestsLaunchTests.swift in Sources */ = {isa = PBXBuildFile; fileRef = 7B5F8CF92A995A8B00D004D3 /* Musicianship_ExamGeneratorUITestsLaunchTests.swift */; };
		7B5F8D082A995B5700D004D3 /* GoogleAPI.swift in Sources */ = {isa = PBXBuildFile; fileRef = 7B5F8D072A995B5700D004D3 /* GoogleAPI.swift */; };
		7B8C2B942A995E7000B5C29E /* Logger.swift in Sources */ = {isa = PBXBuildFile; fileRef = 7B8C2B932A995E7000B5C29E /* Logger.swift */; };
		7B98748C2A9961F0002C5749 /* GoogleAPI.plist in Resources */ = {isa = PBXBuildFile; fileRef = 7B98748B2A9961F0002C5749 /* GoogleAPI.plist */; };
		7B98748E2A99709D002C5749 /* ExamGenerator.swift in Sources */ = {isa = PBXBuildFile; fileRef = 7B98748D2A99709D002C5749 /* ExamGenerator.swift */; };
		7B9874902A9971C0002C5749 /* ContentSection.swift in Sources */ = {isa = PBXBuildFile; fileRef = 7B98748F2A9971C0002C5749 /* ContentSection.swift */; };
		9CD4D0CE0273D489B7461128 /* Pods_Musicianship_ExamGenerator_Musicianship_ExamGeneratorUITests.framework in Frameworks */ = {isa = PBXBuildFile; fileRef = A3448E479AA6511C6D82C992 /* Pods_Musicianship_ExamGenerator_Musicianship_ExamGeneratorUITests.framework */; };
		A8DE7495CF3BA1A87795CCF9 /* Pods_Musicianship_ExamGeneratorTests.framework in Frameworks */ = {isa = PBXBuildFile; fileRef = 134C3985750EB2207FCAF641 /* Pods_Musicianship_ExamGeneratorTests.framework */; };
		D1DC18D7E90C0EA425BC48EC /* Pods_Musicianship_ExamGenerator.framework in Frameworks */ = {isa = PBXBuildFile; fileRef = AB66657A154B8EF7CEBEC0D2 /* Pods_Musicianship_ExamGenerator.framework */; };
/* End PBXBuildFile section */

/* Begin PBXContainerItemProxy section */
		7B5F8CEA2A995A8A00D004D3 /* PBXContainerItemProxy */ = {
			isa = PBXContainerItemProxy;
			containerPortal = 7B5F8CCB2A995A8800D004D3 /* Project object */;
			proxyType = 1;
			remoteGlobalIDString = 7B5F8CD22A995A8800D004D3;
			remoteInfo = Musicianship_ExamGenerator;
		};
		7B5F8CF42A995A8A00D004D3 /* PBXContainerItemProxy */ = {
			isa = PBXContainerItemProxy;
			containerPortal = 7B5F8CCB2A995A8800D004D3 /* Project object */;
			proxyType = 1;
			remoteGlobalIDString = 7B5F8CD22A995A8800D004D3;
			remoteInfo = Musicianship_ExamGenerator;
		};
/* End PBXContainerItemProxy section */

/* Begin PBXFileReference section */
		134C3985750EB2207FCAF641 /* Pods_Musicianship_ExamGeneratorTests.framework */ = {isa = PBXFileReference; explicitFileType = wrapper.framework; includeInIndex = 0; path = Pods_Musicianship_ExamGeneratorTests.framework; sourceTree = BUILT_PRODUCTS_DIR; };
		3D3DC69829CF046058F7075B /* Pods-Musicianship_ExamGenerator-Musicianship_ExamGeneratorUITests.release.xcconfig */ = {isa = PBXFileReference; includeInIndex = 1; lastKnownFileType = text.xcconfig; name = "Pods-Musicianship_ExamGenerator-Musicianship_ExamGeneratorUITests.release.xcconfig"; path = "Target Support Files/Pods-Musicianship_ExamGenerator-Musicianship_ExamGeneratorUITests/Pods-Musicianship_ExamGenerator-Musicianship_ExamGeneratorUITests.release.xcconfig"; sourceTree = "<group>"; };
		50FED41A9CB2344777DD451C /* Pods-Musicianship_ExamGenerator.debug.xcconfig */ = {isa = PBXFileReference; includeInIndex = 1; lastKnownFileType = text.xcconfig; name = "Pods-Musicianship_ExamGenerator.debug.xcconfig"; path = "Target Support Files/Pods-Musicianship_ExamGenerator/Pods-Musicianship_ExamGenerator.debug.xcconfig"; sourceTree = "<group>"; };
		66B6400446AD68C098425E6D /* Pods-Musicianship_ExamGeneratorTests.debug.xcconfig */ = {isa = PBXFileReference; includeInIndex = 1; lastKnownFileType = text.xcconfig; name = "Pods-Musicianship_ExamGeneratorTests.debug.xcconfig"; path = "Target Support Files/Pods-Musicianship_ExamGeneratorTests/Pods-Musicianship_ExamGeneratorTests.debug.xcconfig"; sourceTree = "<group>"; };
		6A40A94230631E92537E91A7 /* Pods-Musicianship_ExamGenerator.release.xcconfig */ = {isa = PBXFileReference; includeInIndex = 1; lastKnownFileType = text.xcconfig; name = "Pods-Musicianship_ExamGenerator.release.xcconfig"; path = "Target Support Files/Pods-Musicianship_ExamGenerator/Pods-Musicianship_ExamGenerator.release.xcconfig"; sourceTree = "<group>"; };
		7B5F8CD32A995A8800D004D3 /* Musicianship_ExamGenerator.app */ = {isa = PBXFileReference; explicitFileType = wrapper.application; includeInIndex = 0; path = Musicianship_ExamGenerator.app; sourceTree = BUILT_PRODUCTS_DIR; };
		7B5F8CD62A995A8800D004D3 /* Musicianship_ExamGeneratorApp.swift */ = {isa = PBXFileReference; lastKnownFileType = sourcecode.swift; path = Musicianship_ExamGeneratorApp.swift; sourceTree = "<group>"; };
		7B5F8CD82A995A8800D004D3 /* ContentView.swift */ = {isa = PBXFileReference; lastKnownFileType = sourcecode.swift; path = ContentView.swift; sourceTree = "<group>"; };
		7B5F8CDA2A995A8A00D004D3 /* Assets.xcassets */ = {isa = PBXFileReference; lastKnownFileType = folder.assetcatalog; path = Assets.xcassets; sourceTree = "<group>"; };
		7B5F8CDD2A995A8A00D004D3 /* Preview Assets.xcassets */ = {isa = PBXFileReference; lastKnownFileType = folder.assetcatalog; path = "Preview Assets.xcassets"; sourceTree = "<group>"; };
		7B5F8CDF2A995A8A00D004D3 /* Persistence.swift */ = {isa = PBXFileReference; lastKnownFileType = sourcecode.swift; path = Persistence.swift; sourceTree = "<group>"; };
		7B5F8CE22A995A8A00D004D3 /* Musicianship_ExamGenerator.xcdatamodel */ = {isa = PBXFileReference; lastKnownFileType = wrapper.xcdatamodel; path = Musicianship_ExamGenerator.xcdatamodel; sourceTree = "<group>"; };
		7B5F8CE42A995A8A00D004D3 /* Musicianship_ExamGenerator.entitlements */ = {isa = PBXFileReference; lastKnownFileType = text.plist.entitlements; path = Musicianship_ExamGenerator.entitlements; sourceTree = "<group>"; };
		7B5F8CE92A995A8A00D004D3 /* Musicianship_ExamGeneratorTests.xctest */ = {isa = PBXFileReference; explicitFileType = wrapper.cfbundle; includeInIndex = 0; path = Musicianship_ExamGeneratorTests.xctest; sourceTree = BUILT_PRODUCTS_DIR; };
		7B5F8CED2A995A8A00D004D3 /* Musicianship_ExamGeneratorTests.swift */ = {isa = PBXFileReference; lastKnownFileType = sourcecode.swift; path = Musicianship_ExamGeneratorTests.swift; sourceTree = "<group>"; };
		7B5F8CF32A995A8A00D004D3 /* Musicianship_ExamGeneratorUITests.xctest */ = {isa = PBXFileReference; explicitFileType = wrapper.cfbundle; includeInIndex = 0; path = Musicianship_ExamGeneratorUITests.xctest; sourceTree = BUILT_PRODUCTS_DIR; };
		7B5F8CF72A995A8A00D004D3 /* Musicianship_ExamGeneratorUITests.swift */ = {isa = PBXFileReference; lastKnownFileType = sourcecode.swift; path = Musicianship_ExamGeneratorUITests.swift; sourceTree = "<group>"; };
		7B5F8CF92A995A8B00D004D3 /* Musicianship_ExamGeneratorUITestsLaunchTests.swift */ = {isa = PBXFileReference; lastKnownFileType = sourcecode.swift; path = Musicianship_ExamGeneratorUITestsLaunchTests.swift; sourceTree = "<group>"; };
		7B5F8D072A995B5700D004D3 /* GoogleAPI.swift */ = {isa = PBXFileReference; lastKnownFileType = sourcecode.swift; path = GoogleAPI.swift; sourceTree = "<group>"; };
		7B8C2B932A995E7000B5C29E /* Logger.swift */ = {isa = PBXFileReference; lastKnownFileType = sourcecode.swift; path = Logger.swift; sourceTree = "<group>"; };
		7B98748B2A9961F0002C5749 /* GoogleAPI.plist */ = {isa = PBXFileReference; lastKnownFileType = text.plist.xml; path = GoogleAPI.plist; sourceTree = "<group>"; };
		7B98748D2A99709D002C5749 /* ExamGenerator.swift */ = {isa = PBXFileReference; lastKnownFileType = sourcecode.swift; path = ExamGenerator.swift; sourceTree = "<group>"; };
		7B98748F2A9971C0002C5749 /* ContentSection.swift */ = {isa = PBXFileReference; lastKnownFileType = sourcecode.swift; path = ContentSection.swift; sourceTree = "<group>"; };
		867C89A09826B535ABD3E57D /* Pods-Musicianship_ExamGeneratorTests.release.xcconfig */ = {isa = PBXFileReference; includeInIndex = 1; lastKnownFileType = text.xcconfig; name = "Pods-Musicianship_ExamGeneratorTests.release.xcconfig"; path = "Target Support Files/Pods-Musicianship_ExamGeneratorTests/Pods-Musicianship_ExamGeneratorTests.release.xcconfig"; sourceTree = "<group>"; };
		9D13603B6AB07063F8270E30 /* Pods-Musicianship_ExamGenerator-Musicianship_ExamGeneratorUITests.debug.xcconfig */ = {isa = PBXFileReference; includeInIndex = 1; lastKnownFileType = text.xcconfig; name = "Pods-Musicianship_ExamGenerator-Musicianship_ExamGeneratorUITests.debug.xcconfig"; path = "Target Support Files/Pods-Musicianship_ExamGenerator-Musicianship_ExamGeneratorUITests/Pods-Musicianship_ExamGenerator-Musicianship_ExamGeneratorUITests.debug.xcconfig"; sourceTree = "<group>"; };
		A3448E479AA6511C6D82C992 /* Pods_Musicianship_ExamGenerator_Musicianship_ExamGeneratorUITests.framework */ = {isa = PBXFileReference; explicitFileType = wrapper.framework; includeInIndex = 0; path = Pods_Musicianship_ExamGenerator_Musicianship_ExamGeneratorUITests.framework; sourceTree = BUILT_PRODUCTS_DIR; };
		AB66657A154B8EF7CEBEC0D2 /* Pods_Musicianship_ExamGenerator.framework */ = {isa = PBXFileReference; explicitFileType = wrapper.framework; includeInIndex = 0; path = Pods_Musicianship_ExamGenerator.framework; sourceTree = BUILT_PRODUCTS_DIR; };
/* End PBXFileReference section */

/* Begin PBXFrameworksBuildPhase section */
		7B5F8CD02A995A8800D004D3 /* Frameworks */ = {
			isa = PBXFrameworksBuildPhase;
			buildActionMask = 2147483647;
			files = (
				D1DC18D7E90C0EA425BC48EC /* Pods_Musicianship_ExamGenerator.framework in Frameworks */,
			);
			runOnlyForDeploymentPostprocessing = 0;
		};
		7B5F8CE62A995A8A00D004D3 /* Frameworks */ = {
			isa = PBXFrameworksBuildPhase;
			buildActionMask = 2147483647;
			files = (
				A8DE7495CF3BA1A87795CCF9 /* Pods_Musicianship_ExamGeneratorTests.framework in Frameworks */,
			);
			runOnlyForDeploymentPostprocessing = 0;
		};
		7B5F8CF02A995A8A00D004D3 /* Frameworks */ = {
			isa = PBXFrameworksBuildPhase;
			buildActionMask = 2147483647;
			files = (
				9CD4D0CE0273D489B7461128 /* Pods_Musicianship_ExamGenerator_Musicianship_ExamGeneratorUITests.framework in Frameworks */,
			);
			runOnlyForDeploymentPostprocessing = 0;
		};
/* End PBXFrameworksBuildPhase section */

/* Begin PBXGroup section */
		0410EB34AAC6C8A7C5D0E49D /* Frameworks */ = {
			isa = PBXGroup;
			children = (
				AB66657A154B8EF7CEBEC0D2 /* Pods_Musicianship_ExamGenerator.framework */,
				A3448E479AA6511C6D82C992 /* Pods_Musicianship_ExamGenerator_Musicianship_ExamGeneratorUITests.framework */,
				134C3985750EB2207FCAF641 /* Pods_Musicianship_ExamGeneratorTests.framework */,
			);
			name = Frameworks;
			sourceTree = "<group>";
		};
		0F2425D23F1B9BAD718B8B44 /* Pods */ = {
			isa = PBXGroup;
			children = (
				50FED41A9CB2344777DD451C /* Pods-Musicianship_ExamGenerator.debug.xcconfig */,
				6A40A94230631E92537E91A7 /* Pods-Musicianship_ExamGenerator.release.xcconfig */,
				9D13603B6AB07063F8270E30 /* Pods-Musicianship_ExamGenerator-Musicianship_ExamGeneratorUITests.debug.xcconfig */,
				3D3DC69829CF046058F7075B /* Pods-Musicianship_ExamGenerator-Musicianship_ExamGeneratorUITests.release.xcconfig */,
				66B6400446AD68C098425E6D /* Pods-Musicianship_ExamGeneratorTests.debug.xcconfig */,
				867C89A09826B535ABD3E57D /* Pods-Musicianship_ExamGeneratorTests.release.xcconfig */,
			);
			path = Pods;
			sourceTree = "<group>";
		};
		7B5F8CCA2A995A8800D004D3 = {
			isa = PBXGroup;
			children = (
				7B5F8CD52A995A8800D004D3 /* Musicianship_ExamGenerator */,
				7B5F8CEC2A995A8A00D004D3 /* Musicianship_ExamGeneratorTests */,
				7B5F8CF62A995A8A00D004D3 /* Musicianship_ExamGeneratorUITests */,
				7B5F8CD42A995A8800D004D3 /* Products */,
				0F2425D23F1B9BAD718B8B44 /* Pods */,
				0410EB34AAC6C8A7C5D0E49D /* Frameworks */,
			);
			sourceTree = "<group>";
		};
		7B5F8CD42A995A8800D004D3 /* Products */ = {
			isa = PBXGroup;
			children = (
				7B5F8CD32A995A8800D004D3 /* Musicianship_ExamGenerator.app */,
				7B5F8CE92A995A8A00D004D3 /* Musicianship_ExamGeneratorTests.xctest */,
				7B5F8CF32A995A8A00D004D3 /* Musicianship_ExamGeneratorUITests.xctest */,
			);
			name = Products;
			sourceTree = "<group>";
		};
		7B5F8CD52A995A8800D004D3 /* Musicianship_ExamGenerator */ = {
			isa = PBXGroup;
			children = (
				7B98748A2A9961C5002C5749 /* APIKeys */,
				7B5F8D062A995B1A00D004D3 /* Model */,
				7B5F8CD62A995A8800D004D3 /* Musicianship_ExamGeneratorApp.swift */,
				7B5F8CD82A995A8800D004D3 /* ContentView.swift */,
				7B5F8CDA2A995A8A00D004D3 /* Assets.xcassets */,
				7B5F8CDF2A995A8A00D004D3 /* Persistence.swift */,
				7B5F8CE42A995A8A00D004D3 /* Musicianship_ExamGenerator.entitlements */,
				7B5F8CE12A995A8A00D004D3 /* Musicianship_ExamGenerator.xcdatamodeld */,
				7B5F8CDC2A995A8A00D004D3 /* Preview Content */,
			);
			path = Musicianship_ExamGenerator;
			sourceTree = "<group>";
		};
		7B5F8CDC2A995A8A00D004D3 /* Preview Content */ = {
			isa = PBXGroup;
			children = (
				7B5F8CDD2A995A8A00D004D3 /* Preview Assets.xcassets */,
			);
			path = "Preview Content";
			sourceTree = "<group>";
		};
		7B5F8CEC2A995A8A00D004D3 /* Musicianship_ExamGeneratorTests */ = {
			isa = PBXGroup;
			children = (
				7B5F8CED2A995A8A00D004D3 /* Musicianship_ExamGeneratorTests.swift */,
			);
			path = Musicianship_ExamGeneratorTests;
			sourceTree = "<group>";
		};
		7B5F8CF62A995A8A00D004D3 /* Musicianship_ExamGeneratorUITests */ = {
			isa = PBXGroup;
			children = (
				7B5F8CF72A995A8A00D004D3 /* Musicianship_ExamGeneratorUITests.swift */,
				7B5F8CF92A995A8B00D004D3 /* Musicianship_ExamGeneratorUITestsLaunchTests.swift */,
			);
			path = Musicianship_ExamGeneratorUITests;
			sourceTree = "<group>";
		};
		7B5F8D062A995B1A00D004D3 /* Model */ = {
			isa = PBXGroup;
			children = (
				7B5F8D072A995B5700D004D3 /* GoogleAPI.swift */,
				7B8C2B932A995E7000B5C29E /* Logger.swift */,
				7B98748D2A99709D002C5749 /* ExamGenerator.swift */,
				7B98748F2A9971C0002C5749 /* ContentSection.swift */,
			);
			path = Model;
			sourceTree = "<group>";
		};
		7B98748A2A9961C5002C5749 /* APIKeys */ = {
			isa = PBXGroup;
			children = (
				7B98748B2A9961F0002C5749 /* GoogleAPI.plist */,
			);
			path = APIKeys;
			sourceTree = "<group>";
		};
/* End PBXGroup section */

/* Begin PBXNativeTarget section */
		7B5F8CD22A995A8800D004D3 /* Musicianship_ExamGenerator */ = {
			isa = PBXNativeTarget;
			buildConfigurationList = 7B5F8CFD2A995A8B00D004D3 /* Build configuration list for PBXNativeTarget "Musicianship_ExamGenerator" */;
			buildPhases = (
				FDAAE41127D53F58FC27BA10 /* [CP] Check Pods Manifest.lock */,
				7B5F8CCF2A995A8800D004D3 /* Sources */,
				7B5F8CD02A995A8800D004D3 /* Frameworks */,
				7B5F8CD12A995A8800D004D3 /* Resources */,
				A3795E278D4CDC0A75007EA0 /* [CP] Embed Pods Frameworks */,
			);
			buildRules = (
			);
			dependencies = (
			);
			name = Musicianship_ExamGenerator;
			productName = Musicianship_ExamGenerator;
			productReference = 7B5F8CD32A995A8800D004D3 /* Musicianship_ExamGenerator.app */;
			productType = "com.apple.product-type.application";
		};
		7B5F8CE82A995A8A00D004D3 /* Musicianship_ExamGeneratorTests */ = {
			isa = PBXNativeTarget;
			buildConfigurationList = 7B5F8D002A995A8B00D004D3 /* Build configuration list for PBXNativeTarget "Musicianship_ExamGeneratorTests" */;
			buildPhases = (
				36DF71D809DFCE74401805BE /* [CP] Check Pods Manifest.lock */,
				7B5F8CE52A995A8A00D004D3 /* Sources */,
				7B5F8CE62A995A8A00D004D3 /* Frameworks */,
				7B5F8CE72A995A8A00D004D3 /* Resources */,
			);
			buildRules = (
			);
			dependencies = (
				7B5F8CEB2A995A8A00D004D3 /* PBXTargetDependency */,
			);
			name = Musicianship_ExamGeneratorTests;
			productName = Musicianship_ExamGeneratorTests;
			productReference = 7B5F8CE92A995A8A00D004D3 /* Musicianship_ExamGeneratorTests.xctest */;
			productType = "com.apple.product-type.bundle.unit-test";
		};
		7B5F8CF22A995A8A00D004D3 /* Musicianship_ExamGeneratorUITests */ = {
			isa = PBXNativeTarget;
			buildConfigurationList = 7B5F8D032A995A8B00D004D3 /* Build configuration list for PBXNativeTarget "Musicianship_ExamGeneratorUITests" */;
			buildPhases = (
				FBD1C8C618528399BF25C0AE /* [CP] Check Pods Manifest.lock */,
				7B5F8CEF2A995A8A00D004D3 /* Sources */,
				7B5F8CF02A995A8A00D004D3 /* Frameworks */,
				7B5F8CF12A995A8A00D004D3 /* Resources */,
				4BE046815087860F41EA1C4A /* [CP] Embed Pods Frameworks */,
			);
			buildRules = (
			);
			dependencies = (
				7B5F8CF52A995A8A00D004D3 /* PBXTargetDependency */,
			);
			name = Musicianship_ExamGeneratorUITests;
			productName = Musicianship_ExamGeneratorUITests;
			productReference = 7B5F8CF32A995A8A00D004D3 /* Musicianship_ExamGeneratorUITests.xctest */;
			productType = "com.apple.product-type.bundle.ui-testing";
		};
/* End PBXNativeTarget section */

/* Begin PBXProject section */
		7B5F8CCB2A995A8800D004D3 /* Project object */ = {
			isa = PBXProject;
			attributes = {
				BuildIndependentTargetsInParallel = 1;
				LastSwiftUpdateCheck = 1430;
				LastUpgradeCheck = 1430;
				TargetAttributes = {
					7B5F8CD22A995A8800D004D3 = {
						CreatedOnToolsVersion = 14.3;
					};
					7B5F8CE82A995A8A00D004D3 = {
						CreatedOnToolsVersion = 14.3;
						TestTargetID = 7B5F8CD22A995A8800D004D3;
					};
					7B5F8CF22A995A8A00D004D3 = {
						CreatedOnToolsVersion = 14.3;
						TestTargetID = 7B5F8CD22A995A8800D004D3;
					};
				};
			};
			buildConfigurationList = 7B5F8CCE2A995A8800D004D3 /* Build configuration list for PBXProject "Musicianship_ExamGenerator" */;
			compatibilityVersion = "Xcode 14.0";
			developmentRegion = en;
			hasScannedForEncodings = 0;
			knownRegions = (
				en,
				Base,
			);
			mainGroup = 7B5F8CCA2A995A8800D004D3;
			productRefGroup = 7B5F8CD42A995A8800D004D3 /* Products */;
			projectDirPath = "";
			projectRoot = "";
			targets = (
				7B5F8CD22A995A8800D004D3 /* Musicianship_ExamGenerator */,
				7B5F8CE82A995A8A00D004D3 /* Musicianship_ExamGeneratorTests */,
				7B5F8CF22A995A8A00D004D3 /* Musicianship_ExamGeneratorUITests */,
			);
		};
/* End PBXProject section */

/* Begin PBXResourcesBuildPhase section */
		7B5F8CD12A995A8800D004D3 /* Resources */ = {
			isa = PBXResourcesBuildPhase;
			buildActionMask = 2147483647;
			files = (
				7B98748C2A9961F0002C5749 /* GoogleAPI.plist in Resources */,
				7B5F8CDE2A995A8A00D004D3 /* Preview Assets.xcassets in Resources */,
				7B5F8CDB2A995A8A00D004D3 /* Assets.xcassets in Resources */,
			);
			runOnlyForDeploymentPostprocessing = 0;
		};
		7B5F8CE72A995A8A00D004D3 /* Resources */ = {
			isa = PBXResourcesBuildPhase;
			buildActionMask = 2147483647;
			files = (
			);
			runOnlyForDeploymentPostprocessing = 0;
		};
		7B5F8CF12A995A8A00D004D3 /* Resources */ = {
			isa = PBXResourcesBuildPhase;
			buildActionMask = 2147483647;
			files = (
			);
			runOnlyForDeploymentPostprocessing = 0;
		};
/* End PBXResourcesBuildPhase section */

/* Begin PBXShellScriptBuildPhase section */
		36DF71D809DFCE74401805BE /* [CP] Check Pods Manifest.lock */ = {
			isa = PBXShellScriptBuildPhase;
			buildActionMask = 2147483647;
			files = (
			);
			inputFileListPaths = (
			);
			inputPaths = (
				"${PODS_PODFILE_DIR_PATH}/Podfile.lock",
				"${PODS_ROOT}/Manifest.lock",
			);
			name = "[CP] Check Pods Manifest.lock";
			outputFileListPaths = (
			);
			outputPaths = (
				"$(DERIVED_FILE_DIR)/Pods-Musicianship_ExamGeneratorTests-checkManifestLockResult.txt",
			);
			runOnlyForDeploymentPostprocessing = 0;
			shellPath = /bin/sh;
			shellScript = "diff \"${PODS_PODFILE_DIR_PATH}/Podfile.lock\" \"${PODS_ROOT}/Manifest.lock\" > /dev/null\nif [ $? != 0 ] ; then\n    # print error to STDERR\n    echo \"error: The sandbox is not in sync with the Podfile.lock. Run 'pod install' or update your CocoaPods installation.\" >&2\n    exit 1\nfi\n# This output is used by Xcode 'outputs' to avoid re-running this script phase.\necho \"SUCCESS\" > \"${SCRIPT_OUTPUT_FILE_0}\"\n";
			showEnvVarsInLog = 0;
		};
		4BE046815087860F41EA1C4A /* [CP] Embed Pods Frameworks */ = {
			isa = PBXShellScriptBuildPhase;
			buildActionMask = 2147483647;
			files = (
			);
			inputFileListPaths = (
				"${PODS_ROOT}/Target Support Files/Pods-Musicianship_ExamGenerator-Musicianship_ExamGeneratorUITests/Pods-Musicianship_ExamGenerator-Musicianship_ExamGeneratorUITests-frameworks-${CONFIGURATION}-input-files.xcfilelist",
			);
			name = "[CP] Embed Pods Frameworks";
			outputFileListPaths = (
				"${PODS_ROOT}/Target Support Files/Pods-Musicianship_ExamGenerator-Musicianship_ExamGeneratorUITests/Pods-Musicianship_ExamGenerator-Musicianship_ExamGeneratorUITests-frameworks-${CONFIGURATION}-output-files.xcfilelist",
			);
			runOnlyForDeploymentPostprocessing = 0;
			shellPath = /bin/sh;
			shellScript = "\"${PODS_ROOT}/Target Support Files/Pods-Musicianship_ExamGenerator-Musicianship_ExamGeneratorUITests/Pods-Musicianship_ExamGenerator-Musicianship_ExamGeneratorUITests-frameworks.sh\"\n";
			showEnvVarsInLog = 0;
		};
		A3795E278D4CDC0A75007EA0 /* [CP] Embed Pods Frameworks */ = {
			isa = PBXShellScriptBuildPhase;
			buildActionMask = 2147483647;
			files = (
			);
			inputFileListPaths = (
				"${PODS_ROOT}/Target Support Files/Pods-Musicianship_ExamGenerator/Pods-Musicianship_ExamGenerator-frameworks-${CONFIGURATION}-input-files.xcfilelist",
			);
			name = "[CP] Embed Pods Frameworks";
			outputFileListPaths = (
				"${PODS_ROOT}/Target Support Files/Pods-Musicianship_ExamGenerator/Pods-Musicianship_ExamGenerator-frameworks-${CONFIGURATION}-output-files.xcfilelist",
			);
			runOnlyForDeploymentPostprocessing = 0;
			shellPath = /bin/sh;
			shellScript = "\"${PODS_ROOT}/Target Support Files/Pods-Musicianship_ExamGenerator/Pods-Musicianship_ExamGenerator-frameworks.sh\"\n";
			showEnvVarsInLog = 0;
		};
		FBD1C8C618528399BF25C0AE /* [CP] Check Pods Manifest.lock */ = {
			isa = PBXShellScriptBuildPhase;
			buildActionMask = 2147483647;
			files = (
			);
			inputFileListPaths = (
			);
			inputPaths = (
				"${PODS_PODFILE_DIR_PATH}/Podfile.lock",
				"${PODS_ROOT}/Manifest.lock",
			);
			name = "[CP] Check Pods Manifest.lock";
			outputFileListPaths = (
			);
			outputPaths = (
				"$(DERIVED_FILE_DIR)/Pods-Musicianship_ExamGenerator-Musicianship_ExamGeneratorUITests-checkManifestLockResult.txt",
			);
			runOnlyForDeploymentPostprocessing = 0;
			shellPath = /bin/sh;
			shellScript = "diff \"${PODS_PODFILE_DIR_PATH}/Podfile.lock\" \"${PODS_ROOT}/Manifest.lock\" > /dev/null\nif [ $? != 0 ] ; then\n    # print error to STDERR\n    echo \"error: The sandbox is not in sync with the Podfile.lock. Run 'pod install' or update your CocoaPods installation.\" >&2\n    exit 1\nfi\n# This output is used by Xcode 'outputs' to avoid re-running this script phase.\necho \"SUCCESS\" > \"${SCRIPT_OUTPUT_FILE_0}\"\n";
			showEnvVarsInLog = 0;
		};
		FDAAE41127D53F58FC27BA10 /* [CP] Check Pods Manifest.lock */ = {
			isa = PBXShellScriptBuildPhase;
			buildActionMask = 2147483647;
			files = (
			);
			inputFileListPaths = (
			);
			inputPaths = (
				"${PODS_PODFILE_DIR_PATH}/Podfile.lock",
				"${PODS_ROOT}/Manifest.lock",
			);
			name = "[CP] Check Pods Manifest.lock";
			outputFileListPaths = (
			);
			outputPaths = (
				"$(DERIVED_FILE_DIR)/Pods-Musicianship_ExamGenerator-checkManifestLockResult.txt",
			);
			runOnlyForDeploymentPostprocessing = 0;
			shellPath = /bin/sh;
			shellScript = "diff \"${PODS_PODFILE_DIR_PATH}/Podfile.lock\" \"${PODS_ROOT}/Manifest.lock\" > /dev/null\nif [ $? != 0 ] ; then\n    # print error to STDERR\n    echo \"error: The sandbox is not in sync with the Podfile.lock. Run 'pod install' or update your CocoaPods installation.\" >&2\n    exit 1\nfi\n# This output is used by Xcode 'outputs' to avoid re-running this script phase.\necho \"SUCCESS\" > \"${SCRIPT_OUTPUT_FILE_0}\"\n";
			showEnvVarsInLog = 0;
		};
/* End PBXShellScriptBuildPhase section */

/* Begin PBXSourcesBuildPhase section */
		7B5F8CCF2A995A8800D004D3 /* Sources */ = {
			isa = PBXSourcesBuildPhase;
			buildActionMask = 2147483647;
			files = (
				7B5F8CE02A995A8A00D004D3 /* Persistence.swift in Sources */,
				7B8C2B942A995E7000B5C29E /* Logger.swift in Sources */,
				7B98748E2A99709D002C5749 /* ExamGenerator.swift in Sources */,
				7B5F8CE32A995A8A00D004D3 /* Musicianship_ExamGenerator.xcdatamodeld in Sources */,
				7B5F8CD92A995A8800D004D3 /* ContentView.swift in Sources */,
				7B5F8D082A995B5700D004D3 /* GoogleAPI.swift in Sources */,
				7B5F8CD72A995A8800D004D3 /* Musicianship_ExamGeneratorApp.swift in Sources */,
				7B9874902A9971C0002C5749 /* ContentSection.swift in Sources */,
			);
			runOnlyForDeploymentPostprocessing = 0;
		};
		7B5F8CE52A995A8A00D004D3 /* Sources */ = {
			isa = PBXSourcesBuildPhase;
			buildActionMask = 2147483647;
			files = (
				7B5F8CEE2A995A8A00D004D3 /* Musicianship_ExamGeneratorTests.swift in Sources */,
			);
			runOnlyForDeploymentPostprocessing = 0;
		};
		7B5F8CEF2A995A8A00D004D3 /* Sources */ = {
			isa = PBXSourcesBuildPhase;
			buildActionMask = 2147483647;
			files = (
				7B5F8CFA2A995A8B00D004D3 /* Musicianship_ExamGeneratorUITestsLaunchTests.swift in Sources */,
				7B5F8CF82A995A8A00D004D3 /* Musicianship_ExamGeneratorUITests.swift in Sources */,
			);
			runOnlyForDeploymentPostprocessing = 0;
		};
/* End PBXSourcesBuildPhase section */

/* Begin PBXTargetDependency section */
		7B5F8CEB2A995A8A00D004D3 /* PBXTargetDependency */ = {
			isa = PBXTargetDependency;
			target = 7B5F8CD22A995A8800D004D3 /* Musicianship_ExamGenerator */;
			targetProxy = 7B5F8CEA2A995A8A00D004D3 /* PBXContainerItemProxy */;
		};
		7B5F8CF52A995A8A00D004D3 /* PBXTargetDependency */ = {
			isa = PBXTargetDependency;
			target = 7B5F8CD22A995A8800D004D3 /* Musicianship_ExamGenerator */;
			targetProxy = 7B5F8CF42A995A8A00D004D3 /* PBXContainerItemProxy */;
		};
/* End PBXTargetDependency section */

/* Begin XCBuildConfiguration section */
		7B5F8CFB2A995A8B00D004D3 /* Debug */ = {
			isa = XCBuildConfiguration;
			buildSettings = {
				ALWAYS_SEARCH_USER_PATHS = NO;
				CLANG_ANALYZER_NONNULL = YES;
				CLANG_ANALYZER_NUMBER_OBJECT_CONVERSION = YES_AGGRESSIVE;
				CLANG_CXX_LANGUAGE_STANDARD = "gnu++20";
				CLANG_ENABLE_MODULES = YES;
				CLANG_ENABLE_OBJC_ARC = YES;
				CLANG_ENABLE_OBJC_WEAK = YES;
				CLANG_WARN_BLOCK_CAPTURE_AUTORELEASING = YES;
				CLANG_WARN_BOOL_CONVERSION = YES;
				CLANG_WARN_COMMA = YES;
				CLANG_WARN_CONSTANT_CONVERSION = YES;
				CLANG_WARN_DEPRECATED_OBJC_IMPLEMENTATIONS = YES;
				CLANG_WARN_DIRECT_OBJC_ISA_USAGE = YES_ERROR;
				CLANG_WARN_DOCUMENTATION_COMMENTS = YES;
				CLANG_WARN_EMPTY_BODY = YES;
				CLANG_WARN_ENUM_CONVERSION = YES;
				CLANG_WARN_INFINITE_RECURSION = YES;
				CLANG_WARN_INT_CONVERSION = YES;
				CLANG_WARN_NON_LITERAL_NULL_CONVERSION = YES;
				CLANG_WARN_OBJC_IMPLICIT_RETAIN_SELF = YES;
				CLANG_WARN_OBJC_LITERAL_CONVERSION = YES;
				CLANG_WARN_OBJC_ROOT_CLASS = YES_ERROR;
				CLANG_WARN_QUOTED_INCLUDE_IN_FRAMEWORK_HEADER = YES;
				CLANG_WARN_RANGE_LOOP_ANALYSIS = YES;
				CLANG_WARN_STRICT_PROTOTYPES = YES;
				CLANG_WARN_SUSPICIOUS_MOVE = YES;
				CLANG_WARN_UNGUARDED_AVAILABILITY = YES_AGGRESSIVE;
				CLANG_WARN_UNREACHABLE_CODE = YES;
				CLANG_WARN__DUPLICATE_METHOD_MATCH = YES;
				COPY_PHASE_STRIP = NO;
				DEBUG_INFORMATION_FORMAT = dwarf;
				ENABLE_STRICT_OBJC_MSGSEND = YES;
				ENABLE_TESTABILITY = YES;
				GCC_C_LANGUAGE_STANDARD = gnu11;
				GCC_DYNAMIC_NO_PIC = NO;
				GCC_NO_COMMON_BLOCKS = YES;
				GCC_OPTIMIZATION_LEVEL = 0;
				GCC_PREPROCESSOR_DEFINITIONS = (
					"DEBUG=1",
					"$(inherited)",
				);
				GCC_WARN_64_TO_32_BIT_CONVERSION = YES;
				GCC_WARN_ABOUT_RETURN_TYPE = YES_ERROR;
				GCC_WARN_UNDECLARED_SELECTOR = YES;
				GCC_WARN_UNINITIALIZED_AUTOS = YES_AGGRESSIVE;
				GCC_WARN_UNUSED_FUNCTION = YES;
				GCC_WARN_UNUSED_VARIABLE = YES;
				MACOSX_DEPLOYMENT_TARGET = 13.2;
				MTL_ENABLE_DEBUG_INFO = INCLUDE_SOURCE;
				MTL_FAST_MATH = YES;
				ONLY_ACTIVE_ARCH = YES;
				SDKROOT = macosx;
				SWIFT_ACTIVE_COMPILATION_CONDITIONS = DEBUG;
				SWIFT_OPTIMIZATION_LEVEL = "-Onone";
			};
			name = Debug;
		};
		7B5F8CFC2A995A8B00D004D3 /* Release */ = {
			isa = XCBuildConfiguration;
			buildSettings = {
				ALWAYS_SEARCH_USER_PATHS = NO;
				CLANG_ANALYZER_NONNULL = YES;
				CLANG_ANALYZER_NUMBER_OBJECT_CONVERSION = YES_AGGRESSIVE;
				CLANG_CXX_LANGUAGE_STANDARD = "gnu++20";
				CLANG_ENABLE_MODULES = YES;
				CLANG_ENABLE_OBJC_ARC = YES;
				CLANG_ENABLE_OBJC_WEAK = YES;
				CLANG_WARN_BLOCK_CAPTURE_AUTORELEASING = YES;
				CLANG_WARN_BOOL_CONVERSION = YES;
				CLANG_WARN_COMMA = YES;
				CLANG_WARN_CONSTANT_CONVERSION = YES;
				CLANG_WARN_DEPRECATED_OBJC_IMPLEMENTATIONS = YES;
				CLANG_WARN_DIRECT_OBJC_ISA_USAGE = YES_ERROR;
				CLANG_WARN_DOCUMENTATION_COMMENTS = YES;
				CLANG_WARN_EMPTY_BODY = YES;
				CLANG_WARN_ENUM_CONVERSION = YES;
				CLANG_WARN_INFINITE_RECURSION = YES;
				CLANG_WARN_INT_CONVERSION = YES;
				CLANG_WARN_NON_LITERAL_NULL_CONVERSION = YES;
				CLANG_WARN_OBJC_IMPLICIT_RETAIN_SELF = YES;
				CLANG_WARN_OBJC_LITERAL_CONVERSION = YES;
				CLANG_WARN_OBJC_ROOT_CLASS = YES_ERROR;
				CLANG_WARN_QUOTED_INCLUDE_IN_FRAMEWORK_HEADER = YES;
				CLANG_WARN_RANGE_LOOP_ANALYSIS = YES;
				CLANG_WARN_STRICT_PROTOTYPES = YES;
				CLANG_WARN_SUSPICIOUS_MOVE = YES;
				CLANG_WARN_UNGUARDED_AVAILABILITY = YES_AGGRESSIVE;
				CLANG_WARN_UNREACHABLE_CODE = YES;
				CLANG_WARN__DUPLICATE_METHOD_MATCH = YES;
				COPY_PHASE_STRIP = NO;
				DEBUG_INFORMATION_FORMAT = "dwarf-with-dsym";
				ENABLE_NS_ASSERTIONS = NO;
				ENABLE_STRICT_OBJC_MSGSEND = YES;
				GCC_C_LANGUAGE_STANDARD = gnu11;
				GCC_NO_COMMON_BLOCKS = YES;
				GCC_WARN_64_TO_32_BIT_CONVERSION = YES;
				GCC_WARN_ABOUT_RETURN_TYPE = YES_ERROR;
				GCC_WARN_UNDECLARED_SELECTOR = YES;
				GCC_WARN_UNINITIALIZED_AUTOS = YES_AGGRESSIVE;
				GCC_WARN_UNUSED_FUNCTION = YES;
				GCC_WARN_UNUSED_VARIABLE = YES;
				MACOSX_DEPLOYMENT_TARGET = 13.2;
				MTL_ENABLE_DEBUG_INFO = NO;
				MTL_FAST_MATH = YES;
				SDKROOT = macosx;
				SWIFT_COMPILATION_MODE = wholemodule;
				SWIFT_OPTIMIZATION_LEVEL = "-O";
			};
			name = Release;
		};
		7B5F8CFE2A995A8B00D004D3 /* Debug */ = {
			isa = XCBuildConfiguration;
			baseConfigurationReference = 50FED41A9CB2344777DD451C /* Pods-Musicianship_ExamGenerator.debug.xcconfig */;
			buildSettings = {
				ASSETCATALOG_COMPILER_APPICON_NAME = AppIcon;
				ASSETCATALOG_COMPILER_GLOBAL_ACCENT_COLOR_NAME = AccentColor;
				CODE_SIGN_ENTITLEMENTS = Musicianship_ExamGenerator/Musicianship_ExamGenerator.entitlements;
				CODE_SIGN_STYLE = Automatic;
				COMBINE_HIDPI_IMAGES = YES;
				CURRENT_PROJECT_VERSION = 1;
				DEVELOPMENT_ASSET_PATHS = "\"Musicianship_ExamGenerator/Preview Content\"";
				DEVELOPMENT_TEAM = 98U3T95RVJ;
				ENABLE_HARDENED_RUNTIME = YES;
				ENABLE_PREVIEWS = YES;
				GENERATE_INFOPLIST_FILE = YES;
				INFOPLIST_KEY_NSHumanReadableCopyright = "";
				LD_RUNPATH_SEARCH_PATHS = (
					"$(inherited)",
					"@executable_path/../Frameworks",
				);
				MARKETING_VERSION = 1.0;
				PRODUCT_BUNDLE_IDENTIFIER = "com.dmurphy.test.Musicianship-ExamGenerator";
				PRODUCT_NAME = "$(TARGET_NAME)";
				SWIFT_EMIT_LOC_STRINGS = YES;
				SWIFT_VERSION = 5.0;
			};
			name = Debug;
		};
		7B5F8CFF2A995A8B00D004D3 /* Release */ = {
			isa = XCBuildConfiguration;
			baseConfigurationReference = 6A40A94230631E92537E91A7 /* Pods-Musicianship_ExamGenerator.release.xcconfig */;
			buildSettings = {
				ASSETCATALOG_COMPILER_APPICON_NAME = AppIcon;
				ASSETCATALOG_COMPILER_GLOBAL_ACCENT_COLOR_NAME = AccentColor;
				CODE_SIGN_ENTITLEMENTS = Musicianship_ExamGenerator/Musicianship_ExamGenerator.entitlements;
				CODE_SIGN_STYLE = Automatic;
				COMBINE_HIDPI_IMAGES = YES;
				CURRENT_PROJECT_VERSION = 1;
				DEVELOPMENT_ASSET_PATHS = "\"Musicianship_ExamGenerator/Preview Content\"";
				DEVELOPMENT_TEAM = 98U3T95RVJ;
				ENABLE_HARDENED_RUNTIME = YES;
				ENABLE_PREVIEWS = YES;
				GENERATE_INFOPLIST_FILE = YES;
				INFOPLIST_KEY_NSHumanReadableCopyright = "";
				LD_RUNPATH_SEARCH_PATHS = (
					"$(inherited)",
					"@executable_path/../Frameworks",
				);
				MARKETING_VERSION = 1.0;
				PRODUCT_BUNDLE_IDENTIFIER = "com.dmurphy.test.Musicianship-ExamGenerator";
				PRODUCT_NAME = "$(TARGET_NAME)";
				SWIFT_EMIT_LOC_STRINGS = YES;
				SWIFT_VERSION = 5.0;
			};
			name = Release;
		};
		7B5F8D012A995A8B00D004D3 /* Debug */ = {
			isa = XCBuildConfiguration;
			baseConfigurationReference = 66B6400446AD68C098425E6D /* Pods-Musicianship_ExamGeneratorTests.debug.xcconfig */;
			buildSettings = {
				ALWAYS_EMBED_SWIFT_STANDARD_LIBRARIES = YES;
				BUNDLE_LOADER = "$(TEST_HOST)";
				CODE_SIGN_STYLE = Automatic;
				CURRENT_PROJECT_VERSION = 1;
				DEVELOPMENT_TEAM = 98U3T95RVJ;
				GENERATE_INFOPLIST_FILE = YES;
				MACOSX_DEPLOYMENT_TARGET = 13.2;
				MARKETING_VERSION = 1.0;
				PRODUCT_BUNDLE_IDENTIFIER = "com.dmurphy.test.Musicianship-ExamGeneratorTests";
				PRODUCT_NAME = "$(TARGET_NAME)";
				SWIFT_EMIT_LOC_STRINGS = NO;
				SWIFT_VERSION = 5.0;
				TEST_HOST = "$(BUILT_PRODUCTS_DIR)/Musicianship_ExamGenerator.app/$(BUNDLE_EXECUTABLE_FOLDER_PATH)/Musicianship_ExamGenerator";
			};
			name = Debug;
		};
		7B5F8D022A995A8B00D004D3 /* Release */ = {
			isa = XCBuildConfiguration;
			baseConfigurationReference = 867C89A09826B535ABD3E57D /* Pods-Musicianship_ExamGeneratorTests.release.xcconfig */;
			buildSettings = {
				ALWAYS_EMBED_SWIFT_STANDARD_LIBRARIES = YES;
				BUNDLE_LOADER = "$(TEST_HOST)";
				CODE_SIGN_STYLE = Automatic;
				CURRENT_PROJECT_VERSION = 1;
				DEVELOPMENT_TEAM = 98U3T95RVJ;
				GENERATE_INFOPLIST_FILE = YES;
				MACOSX_DEPLOYMENT_TARGET = 13.2;
				MARKETING_VERSION = 1.0;
				PRODUCT_BUNDLE_IDENTIFIER = "com.dmurphy.test.Musicianship-ExamGeneratorTests";
				PRODUCT_NAME = "$(TARGET_NAME)";
				SWIFT_EMIT_LOC_STRINGS = NO;
				SWIFT_VERSION = 5.0;
				TEST_HOST = "$(BUILT_PRODUCTS_DIR)/Musicianship_ExamGenerator.app/$(BUNDLE_EXECUTABLE_FOLDER_PATH)/Musicianship_ExamGenerator";
			};
			name = Release;
		};
		7B5F8D042A995A8B00D004D3 /* Debug */ = {
			isa = XCBuildConfiguration;
			baseConfigurationReference = 9D13603B6AB07063F8270E30 /* Pods-Musicianship_ExamGenerator-Musicianship_ExamGeneratorUITests.debug.xcconfig */;
			buildSettings = {
				ALWAYS_EMBED_SWIFT_STANDARD_LIBRARIES = YES;
				CODE_SIGN_STYLE = Automatic;
				CURRENT_PROJECT_VERSION = 1;
				DEVELOPMENT_TEAM = 98U3T95RVJ;
				GENERATE_INFOPLIST_FILE = YES;
				MARKETING_VERSION = 1.0;
				PRODUCT_BUNDLE_IDENTIFIER = "com.dmurphy.test.Musicianship-ExamGeneratorUITests";
				PRODUCT_NAME = "$(TARGET_NAME)";
				SWIFT_EMIT_LOC_STRINGS = NO;
				SWIFT_VERSION = 5.0;
				TEST_TARGET_NAME = Musicianship_ExamGenerator;
			};
			name = Debug;
		};
		7B5F8D052A995A8B00D004D3 /* Release */ = {
			isa = XCBuildConfiguration;
			baseConfigurationReference = 3D3DC69829CF046058F7075B /* Pods-Musicianship_ExamGenerator-Musicianship_ExamGeneratorUITests.release.xcconfig */;
			buildSettings = {
				ALWAYS_EMBED_SWIFT_STANDARD_LIBRARIES = YES;
				CODE_SIGN_STYLE = Automatic;
				CURRENT_PROJECT_VERSION = 1;
				DEVELOPMENT_TEAM = 98U3T95RVJ;
				GENERATE_INFOPLIST_FILE = YES;
				MARKETING_VERSION = 1.0;
				PRODUCT_BUNDLE_IDENTIFIER = "com.dmurphy.test.Musicianship-ExamGeneratorUITests";
				PRODUCT_NAME = "$(TARGET_NAME)";
				SWIFT_EMIT_LOC_STRINGS = NO;
				SWIFT_VERSION = 5.0;
				TEST_TARGET_NAME = Musicianship_ExamGenerator;
			};
			name = Release;
		};
/* End XCBuildConfiguration section */

/* Begin XCConfigurationList section */
		7B5F8CCE2A995A8800D004D3 /* Build configuration list for PBXProject "Musicianship_ExamGenerator" */ = {
			isa = XCConfigurationList;
			buildConfigurations = (
				7B5F8CFB2A995A8B00D004D3 /* Debug */,
				7B5F8CFC2A995A8B00D004D3 /* Release */,
			);
			defaultConfigurationIsVisible = 0;
			defaultConfigurationName = Release;
		};
		7B5F8CFD2A995A8B00D004D3 /* Build configuration list for PBXNativeTarget "Musicianship_ExamGenerator" */ = {
			isa = XCConfigurationList;
			buildConfigurations = (
				7B5F8CFE2A995A8B00D004D3 /* Debug */,
				7B5F8CFF2A995A8B00D004D3 /* Release */,
			);
			defaultConfigurationIsVisible = 0;
			defaultConfigurationName = Release;
		};
		7B5F8D002A995A8B00D004D3 /* Build configuration list for PBXNativeTarget "Musicianship_ExamGeneratorTests" */ = {
			isa = XCConfigurationList;
			buildConfigurations = (
				7B5F8D012A995A8B00D004D3 /* Debug */,
				7B5F8D022A995A8B00D004D3 /* Release */,
			);
			defaultConfigurationIsVisible = 0;
			defaultConfigurationName = Release;
		};
		7B5F8D032A995A8B00D004D3 /* Build configuration list for PBXNativeTarget "Musicianship_ExamGeneratorUITests" */ = {
			isa = XCConfigurationList;
			buildConfigurations = (
				7B5F8D042A995A8B00D004D3 /* Debug */,
				7B5F8D052A995A8B00D004D3 /* Release */,
			);
			defaultConfigurationIsVisible = 0;
			defaultConfigurationName = Release;
		};
/* End XCConfigurationList section */

/* Begin XCVersionGroup section */
		7B5F8CE12A995A8A00D004D3 /* Musicianship_ExamGenerator.xcdatamodeld */ = {
			isa = XCVersionGroup;
			children = (
				7B5F8CE22A995A8A00D004D3 /* Musicianship_ExamGenerator.xcdatamodel */,
			);
			currentVersion = 7B5F8CE22A995A8A00D004D3 /* Musicianship_ExamGenerator.xcdatamodel */;
			path = Musicianship_ExamGenerator.xcdatamodeld;
			sourceTree = "<group>";
			versionGroupType = wrapper.xcdatamodel;
		};
/* End XCVersionGroup section */
	};
	rootObject = 7B5F8CCB2A995A8800D004D3 /* Project object */;
}
